
Microsoft Visual Studio Solution File, Format Version 12.00
# Visual Studio Version 17
VisualStudioVersion = 17.9.34607.119
MinimumVisualStudioVersion = 10.0.40219.1
Project("{9A19103F-16F7-4668-BE54-9A1E7A4F7556}") = "PernixMVC", "PernixMVC\PernixMVC.csproj", "{672E28D6-C8C9-4BA0-9142-793E262668F0}"
EndProject
Project("{FAE04EC0-301F-11D3-BF4B-00C04F79EFBC}") = "PernixMVC.DataAccess", "PernixMVC.DataAccess\PernixMVC.DataAccess.csproj", "{3164FE00-7605-4481-8FED-07A17B789DDD}"
EndProject
Project("{FAE04EC0-301F-11D3-BF4B-00C04F79EFBC}") = "PernixMVC.Models", "PernixMVC.Models\PernixMVC.Models.csproj", "{C4ED42FF-7890-423D-B50D-26DFCD7C4C3C}"
EndProject
Project("{FAE04EC0-301F-11D3-BF4B-00C04F79EFBC}") = "PernixMVC.Utility", "PernixMVC.Utility\PernixMVC.Utility.csproj", "{2C75F561-B054-44CC-B2B6-B32FFDC358C8}"
EndProject
Global
	GlobalSection(SolutionConfigurationPlatforms) = preSolution
		Debug|Any CPU = Debug|Any CPU
		Release|Any CPU = Release|Any CPU
	EndGlobalSection
	GlobalSection(ProjectConfigurationPlatforms) = postSolution
		{672E28D6-C8C9-4BA0-9142-793E262668F0}.Debug|Any CPU.ActiveCfg = Debug|Any CPU
		{672E28D6-C8C9-4BA0-9142-793E262668F0}.Debug|Any CPU.Build.0 = Debug|Any CPU
		{672E28D6-C8C9-4BA0-9142-793E262668F0}.Release|Any CPU.ActiveCfg = Release|Any CPU
		{672E28D6-C8C9-4BA0-9142-793E262668F0}.Release|Any CPU.Build.0 = Release|Any CPU
		{3164FE00-7605-4481-8FED-07A17B789DDD}.Debug|Any CPU.ActiveCfg = Debug|Any CPU
		{3164FE00-7605-4481-8FED-07A17B789DDD}.Debug|Any CPU.Build.0 = Debug|Any CPU
		{3164FE00-7605-4481-8FED-07A17B789DDD}.Release|Any CPU.ActiveCfg = Release|Any CPU
		{3164FE00-7605-4481-8FED-07A17B789DDD}.Release|Any CPU.Build.0 = Release|Any CPU
		{C4ED42FF-7890-423D-B50D-26DFCD7C4C3C}.Debug|Any CPU.ActiveCfg = Debug|Any CPU
		{C4ED42FF-7890-423D-B50D-26DFCD7C4C3C}.Debug|Any CPU.Build.0 = Debug|Any CPU
		{C4ED42FF-7890-423D-B50D-26DFCD7C4C3C}.Release|Any CPU.ActiveCfg = Release|Any CPU
		{C4ED42FF-7890-423D-B50D-26DFCD7C4C3C}.Release|Any CPU.Build.0 = Release|Any CPU
		{2C75F561-B054-44CC-B2B6-B32FFDC358C8}.Debug|Any CPU.ActiveCfg = Debug|Any CPU
		{2C75F561-B054-44CC-B2B6-B32FFDC358C8}.Debug|Any CPU.Build.0 = Debug|Any CPU
		{2C75F561-B054-44CC-B2B6-B32FFDC358C8}.Release|Any CPU.ActiveCfg = Release|Any CPU
		{2C75F561-B054-44CC-B2B6-B32FFDC358C8}.Release|Any CPU.Build.0 = Release|Any CPU
	EndGlobalSection
	GlobalSection(SolutionProperties) = preSolution
		HideSolutionNode = FALSE
	EndGlobalSection
	GlobalSection(ExtensibilityGlobals) = postSolution
		SolutionGuid = {F3331E7A-B903-42C3-A409-1E26863DCD5E}
	EndGlobalSection
EndGlobal
